
Microsoft Visual Studio Solution File, Format Version 12.00
# Visual Studio Version 16
VisualStudioVersion = 16.0.30204.135
MinimumVisualStudioVersion = 10.0.40219.1
Project("{FAE04EC0-301F-11D3-BF4B-00C04F79EFBC}") = "API1", "API1\API1.csproj", "{6297101E-CCFE-41D1-87EC-35ABE595F7A7}"
EndProject
Project("{FAE04EC0-301F-11D3-BF4B-00C04F79EFBC}") = "API2", "API2\API2.csproj", "{12E1355A-945D-420B-9AD3-85684FD041A7}"
EndProject
Project("{FAE04EC0-301F-11D3-BF4B-00C04F79EFBC}") = "Tests", "Tests\Tests.csproj", "{31B1434C-0ED3-4EBD-BE5A-DD052A37FB6A}"
EndProject
Global
	GlobalSection(SolutionConfigurationPlatforms) = preSolution
		Debug|Any CPU = Debug|Any CPU
		Release|Any CPU = Release|Any CPU
	EndGlobalSection
	GlobalSection(ProjectConfigurationPlatforms) = postSolution
		{6297101E-CCFE-41D1-87EC-35ABE595F7A7}.Debug|Any CPU.ActiveCfg = Debug|Any CPU
		{6297101E-CCFE-41D1-87EC-35ABE595F7A7}.Debug|Any CPU.Build.0 = Debug|Any CPU
		{6297101E-CCFE-41D1-87EC-35ABE595F7A7}.Release|Any CPU.ActiveCfg = Release|Any CPU
		{6297101E-CCFE-41D1-87EC-35ABE595F7A7}.Release|Any CPU.Build.0 = Release|Any CPU
		{12E1355A-945D-420B-9AD3-85684FD041A7}.Debug|Any CPU.ActiveCfg = Debug|Any CPU
		{12E1355A-945D-420B-9AD3-85684FD041A7}.Debug|Any CPU.Build.0 = Debug|Any CPU
		{12E1355A-945D-420B-9AD3-85684FD041A7}.Release|Any CPU.ActiveCfg = Release|Any CPU
		{12E1355A-945D-420B-9AD3-85684FD041A7}.Release|Any CPU.Build.0 = Release|Any CPU
		{31B1434C-0ED3-4EBD-BE5A-DD052A37FB6A}.Debug|Any CPU.ActiveCfg = Debug|Any CPU
		{31B1434C-0ED3-4EBD-BE5A-DD052A37FB6A}.Debug|Any CPU.Build.0 = Debug|Any CPU
		{31B1434C-0ED3-4EBD-BE5A-DD052A37FB6A}.Release|Any CPU.ActiveCfg = Release|Any CPU
		{31B1434C-0ED3-4EBD-BE5A-DD052A37FB6A}.Release|Any CPU.Build.0 = Release|Any CPU
	EndGlobalSection
	GlobalSection(SolutionProperties) = preSolution
		HideSolutionNode = FALSE
	EndGlobalSection
	GlobalSection(ExtensibilityGlobals) = postSolution
		SolutionGuid = {67DC83EC-6F46-4376-9B11-78EE258949C7}
	EndGlobalSection
EndGlobal
